// !$*UTF8*$!
{
	archiveVersion = 1;
	classes = {
	};
	objectVersion = 77;
	objects = {

/* Begin PBXBuildFile section */
		3538ACD92D85B1A90001BA55 /* Kingfisher in Frameworks */ = {isa = PBXBuildFile; productRef = 3538ACD82D85B1A90001BA55 /* Kingfisher */; };
		358C42E32D27C545008E94F7 /* ARKit.framework in Frameworks */ = {isa = PBXBuildFile; fileRef = 358C42E22D27C544008E94F7 /* ARKit.framework */; };
		358C42E52D27C54D008E94F7 /* SceneKit.framework in Frameworks */ = {isa = PBXBuildFile; fileRef = 358C42E42D27C54D008E94F7 /* SceneKit.framework */; };
		35DE66682DD0B1F7002BA879 /* Stripe in Frameworks */ = {isa = PBXBuildFile; productRef = 35DE66672DD0B1F7002BA879 /* Stripe */; };
		35DE666A2DD0B1F7002BA879 /* StripeApplePay in Frameworks */ = {isa = PBXBuildFile; productRef = 35DE66692DD0B1F7002BA879 /* StripeApplePay */; };
		35DE666C2DD0B1F7002BA879 /* StripeCardScan in Frameworks */ = {isa = PBXBuildFile; productRef = 35DE666B2DD0B1F7002BA879 /* StripeCardScan */; };
		35DE666E2DD0B1F7002BA879 /* StripeConnect in Frameworks */ = {isa = PBXBuildFile; productRef = 35DE666D2DD0B1F7002BA879 /* StripeConnect */; };
		35DE66702DD0B1F7002BA879 /* StripeFinancialConnections in Frameworks */ = {isa = PBXBuildFile; productRef = 35DE666F2DD0B1F7002BA879 /* StripeFinancialConnections */; };
		35DE66722DD0B37F002BA879 /* StripePaymentSheet in Frameworks */ = {isa = PBXBuildFile; productRef = 35DE66712DD0B37F002BA879 /* StripePaymentSheet */; };
		35EE62722D1C3B38009D6506 /* FirebaseAuth in Frameworks */ = {isa = PBXBuildFile; productRef = 35EE62712D1C3B38009D6506 /* FirebaseAuth */; };
		35EE62742D1C3B38009D6506 /* FirebaseDatabase in Frameworks */ = {isa = PBXBuildFile; productRef = 35EE62732D1C3B38009D6506 /* FirebaseDatabase */; };
		35EE62762D1C3B38009D6506 /* FirebaseFirestore in Frameworks */ = {isa = PBXBuildFile; productRef = 35EE62752D1C3B38009D6506 /* FirebaseFirestore */; };
		35EE62782D1C3B38009D6506 /* FirebaseStorage in Frameworks */ = {isa = PBXBuildFile; productRef = 35EE62772D1C3B38009D6506 /* FirebaseStorage */; };
		35EE627B2D1C3B90009D6506 /* FirebaseAnalytics in Frameworks */ = {isa = PBXBuildFile; productRef = 35EE627A2D1C3B90009D6506 /* FirebaseAnalytics */; };
/* End PBXBuildFile section */

/* Begin PBXContainerItemProxy section */
		357B00DB2D0C9FEE004671F6 /* PBXContainerItemProxy */ = {
			isa = PBXContainerItemProxy;
			containerPortal = 357B00B92D0C9FED004671F6 /* Project object */;
			proxyType = 1;
			remoteGlobalIDString = 357B00C02D0C9FED004671F6;
			remoteInfo = DecorARound;
		};
		357B00E52D0C9FEE004671F6 /* PBXContainerItemProxy */ = {
			isa = PBXContainerItemProxy;
			containerPortal = 357B00B92D0C9FED004671F6 /* Project object */;
			proxyType = 1;
			remoteGlobalIDString = 357B00C02D0C9FED004671F6;
			remoteInfo = DecorARound;
		};
/* End PBXContainerItemProxy section */

/* Begin PBXFileReference section */
		357B00C12D0C9FED004671F6 /* DecorARound.app */ = {isa = PBXFileReference; explicitFileType = wrapper.application; includeInIndex = 0; path = DecorARound.app; sourceTree = BUILT_PRODUCTS_DIR; };
		357B00DA2D0C9FEE004671F6 /* DecorARoundTests.xctest */ = {isa = PBXFileReference; explicitFileType = wrapper.cfbundle; includeInIndex = 0; path = DecorARoundTests.xctest; sourceTree = BUILT_PRODUCTS_DIR; };
		357B00E42D0C9FEE004671F6 /* DecorARoundUITests.xctest */ = {isa = PBXFileReference; explicitFileType = wrapper.cfbundle; includeInIndex = 0; path = DecorARoundUITests.xctest; sourceTree = BUILT_PRODUCTS_DIR; };
		358C42E22D27C544008E94F7 /* ARKit.framework */ = {isa = PBXFileReference; lastKnownFileType = wrapper.framework; name = ARKit.framework; path = System/Library/Frameworks/ARKit.framework; sourceTree = SDKROOT; };
		358C42E42D27C54D008E94F7 /* SceneKit.framework */ = {isa = PBXFileReference; lastKnownFileType = wrapper.framework; name = SceneKit.framework; path = System/Library/Frameworks/SceneKit.framework; sourceTree = SDKROOT; };
/* End PBXFileReference section */

/* Begin PBXFileSystemSynchronizedBuildFileExceptionSet section */
		357B00EC2D0C9FEE004671F6 /* Exceptions for "DecorARound" folder in "DecorARound" target */ = {
			isa = PBXFileSystemSynchronizedBuildFileExceptionSet;
			membershipExceptions = (
				Info.plist,
			);
			target = 357B00C02D0C9FED004671F6 /* DecorARound */;
		};
/* End PBXFileSystemSynchronizedBuildFileExceptionSet section */

/* Begin PBXFileSystemSynchronizedRootGroup section */
		357B00C32D0C9FED004671F6 /* DecorARound */ = {
			isa = PBXFileSystemSynchronizedRootGroup;
			exceptions = (
				357B00EC2D0C9FEE004671F6 /* Exceptions for "DecorARound" folder in "DecorARound" target */,
			);
			path = DecorARound;
			sourceTree = "<group>";
		};
		357B00DD2D0C9FEE004671F6 /* DecorARoundTests */ = {
			isa = PBXFileSystemSynchronizedRootGroup;
			path = DecorARoundTests;
			sourceTree = "<group>";
		};
		357B00E72D0C9FEE004671F6 /* DecorARoundUITests */ = {
			isa = PBXFileSystemSynchronizedRootGroup;
			path = DecorARoundUITests;
			sourceTree = "<group>";
		};
/* End PBXFileSystemSynchronizedRootGroup section */

/* Begin PBXFrameworksBuildPhase section */
		357B00BE2D0C9FED004671F6 /* Frameworks */ = {
			isa = PBXFrameworksBuildPhase;
			buildActionMask = 2147483647;
			files = (
				358C42E32D27C545008E94F7 /* ARKit.framework in Frameworks */,
				35EE62742D1C3B38009D6506 /* FirebaseDatabase in Frameworks */,
				35DE66702DD0B1F7002BA879 /* StripeFinancialConnections in Frameworks */,
				35EE62782D1C3B38009D6506 /* FirebaseStorage in Frameworks */,
				35DE66722DD0B37F002BA879 /* StripePaymentSheet in Frameworks */,
				358C42E52D27C54D008E94F7 /* SceneKit.framework in Frameworks */,
				3538ACD92D85B1A90001BA55 /* Kingfisher in Frameworks */,
				35DE666A2DD0B1F7002BA879 /* StripeApplePay in Frameworks */,
				35EE62722D1C3B38009D6506 /* FirebaseAuth in Frameworks */,
				35EE627B2D1C3B90009D6506 /* FirebaseAnalytics in Frameworks */,
				35DE666C2DD0B1F7002BA879 /* StripeCardScan in Frameworks */,
				35EE62762D1C3B38009D6506 /* FirebaseFirestore in Frameworks */,
				35DE666E2DD0B1F7002BA879 /* StripeConnect in Frameworks */,
				35DE66682DD0B1F7002BA879 /* Stripe in Frameworks */,
			);
			runOnlyForDeploymentPostprocessing = 0;
		};
		357B00D72D0C9FEE004671F6 /* Frameworks */ = {
			isa = PBXFrameworksBuildPhase;
			buildActionMask = 2147483647;
			files = (
			);
			runOnlyForDeploymentPostprocessing = 0;
		};
		357B00E12D0C9FEE004671F6 /* Frameworks */ = {
			isa = PBXFrameworksBuildPhase;
			buildActionMask = 2147483647;
			files = (
			);
			runOnlyForDeploymentPostprocessing = 0;
		};
/* End PBXFrameworksBuildPhase section */

/* Begin PBXGroup section */
		357B00B82D0C9FED004671F6 = {
			isa = PBXGroup;
			children = (
				357B00C32D0C9FED004671F6 /* DecorARound */,
				357B00DD2D0C9FEE004671F6 /* DecorARoundTests */,
				357B00E72D0C9FEE004671F6 /* DecorARoundUITests */,
				35EE62792D1C3B90009D6506 /* Frameworks */,
				357B00C22D0C9FED004671F6 /* Products */,
			);
			sourceTree = "<group>";
		};
		357B00C22D0C9FED004671F6 /* Products */ = {
			isa = PBXGroup;
			children = (
				357B00C12D0C9FED004671F6 /* DecorARound.app */,
				357B00DA2D0C9FEE004671F6 /* DecorARoundTests.xctest */,
				357B00E42D0C9FEE004671F6 /* DecorARoundUITests.xctest */,
			);
			name = Products;
			sourceTree = "<group>";
		};
		35EE62792D1C3B90009D6506 /* Frameworks */ = {
			isa = PBXGroup;
			children = (
				358C42E42D27C54D008E94F7 /* SceneKit.framework */,
				358C42E22D27C544008E94F7 /* ARKit.framework */,
			);
			name = Frameworks;
			sourceTree = "<group>";
		};
/* End PBXGroup section */

/* Begin PBXNativeTarget section */
		357B00C02D0C9FED004671F6 /* DecorARound */ = {
			isa = PBXNativeTarget;
			buildConfigurationList = 357B00ED2D0C9FEE004671F6 /* Build configuration list for PBXNativeTarget "DecorARound" */;
			buildPhases = (
				357B00BD2D0C9FED004671F6 /* Sources */,
				357B00BE2D0C9FED004671F6 /* Frameworks */,
				357B00BF2D0C9FED004671F6 /* Resources */,
			);
			buildRules = (
			);
			dependencies = (
			);
			fileSystemSynchronizedGroups = (
				357B00C32D0C9FED004671F6 /* DecorARound */,
			);
			name = DecorARound;
			packageProductDependencies = (
				35EE62712D1C3B38009D6506 /* FirebaseAuth */,
				35EE62732D1C3B38009D6506 /* FirebaseDatabase */,
				35EE62752D1C3B38009D6506 /* FirebaseFirestore */,
				35EE62772D1C3B38009D6506 /* FirebaseStorage */,
				35EE627A2D1C3B90009D6506 /* FirebaseAnalytics */,
				3538ACD82D85B1A90001BA55 /* Kingfisher */,
				35DE66672DD0B1F7002BA879 /* Stripe */,
				35DE66692DD0B1F7002BA879 /* StripeApplePay */,
				35DE666B2DD0B1F7002BA879 /* StripeCardScan */,
				35DE666D2DD0B1F7002BA879 /* StripeConnect */,
				35DE666F2DD0B1F7002BA879 /* StripeFinancialConnections */,
				35DE66712DD0B37F002BA879 /* StripePaymentSheet */,
			);
			productName = DecorARound;
			productReference = 357B00C12D0C9FED004671F6 /* DecorARound.app */;
			productType = "com.apple.product-type.application";
		};
		357B00D92D0C9FEE004671F6 /* DecorARoundTests */ = {
			isa = PBXNativeTarget;
			buildConfigurationList = 357B00F22D0C9FEE004671F6 /* Build configuration list for PBXNativeTarget "DecorARoundTests" */;
			buildPhases = (
				357B00D62D0C9FEE004671F6 /* Sources */,
				357B00D72D0C9FEE004671F6 /* Frameworks */,
				357B00D82D0C9FEE004671F6 /* Resources */,
			);
			buildRules = (
			);
			dependencies = (
				357B00DC2D0C9FEE004671F6 /* PBXTargetDependency */,
			);
			fileSystemSynchronizedGroups = (
				357B00DD2D0C9FEE004671F6 /* DecorARoundTests */,
			);
			name = DecorARoundTests;
			packageProductDependencies = (
			);
			productName = DecorARoundTests;
			productReference = 357B00DA2D0C9FEE004671F6 /* DecorARoundTests.xctest */;
			productType = "com.apple.product-type.bundle.unit-test";
		};
		357B00E32D0C9FEE004671F6 /* DecorARoundUITests */ = {
			isa = PBXNativeTarget;
			buildConfigurationList = 357B00F52D0C9FEE004671F6 /* Build configuration list for PBXNativeTarget "DecorARoundUITests" */;
			buildPhases = (
				357B00E02D0C9FEE004671F6 /* Sources */,
				357B00E12D0C9FEE004671F6 /* Frameworks */,
				357B00E22D0C9FEE004671F6 /* Resources */,
			);
			buildRules = (
			);
			dependencies = (
				357B00E62D0C9FEE004671F6 /* PBXTargetDependency */,
			);
			fileSystemSynchronizedGroups = (
				357B00E72D0C9FEE004671F6 /* DecorARoundUITests */,
			);
			name = DecorARoundUITests;
			packageProductDependencies = (
			);
			productName = DecorARoundUITests;
			productReference = 357B00E42D0C9FEE004671F6 /* DecorARoundUITests.xctest */;
			productType = "com.apple.product-type.bundle.ui-testing";
		};
/* End PBXNativeTarget section */

/* Begin PBXProject section */
		357B00B92D0C9FED004671F6 /* Project object */ = {
			isa = PBXProject;
			attributes = {
				BuildIndependentTargetsInParallel = 1;
				LastSwiftUpdateCheck = 1600;
				LastUpgradeCheck = 1600;
				TargetAttributes = {
					357B00C02D0C9FED004671F6 = {
						CreatedOnToolsVersion = 16.0;
						LastSwiftMigration = 1600;
					};
					357B00D92D0C9FEE004671F6 = {
						CreatedOnToolsVersion = 16.0;
						TestTargetID = 357B00C02D0C9FED004671F6;
					};
					357B00E32D0C9FEE004671F6 = {
						CreatedOnToolsVersion = 16.0;
						TestTargetID = 357B00C02D0C9FED004671F6;
					};
				};
			};
			buildConfigurationList = 357B00BC2D0C9FED004671F6 /* Build configuration list for PBXProject "DecorARound" */;
			developmentRegion = en;
			hasScannedForEncodings = 0;
			knownRegions = (
				en,
				Base,
			);
			mainGroup = 357B00B82D0C9FED004671F6;
			minimizedProjectReferenceProxies = 1;
			packageReferences = (
				35EE62702D1C3B38009D6506 /* XCRemoteSwiftPackageReference "firebase-ios-sdk" */,
				35BD4D822D29675100F10722 /* XCRemoteSwiftPackageReference "MBProgressHUD" */,
				3538ACD72D85B1A90001BA55 /* XCRemoteSwiftPackageReference "Kingfisher" */,
				35DE66662DD0B1F7002BA879 /* XCRemoteSwiftPackageReference "stripe-ios" */,
			);
			preferredProjectObjectVersion = 77;
			productRefGroup = 357B00C22D0C9FED004671F6 /* Products */;
			projectDirPath = "";
			projectRoot = "";
			targets = (
				357B00C02D0C9FED004671F6 /* DecorARound */,
				357B00D92D0C9FEE004671F6 /* DecorARoundTests */,
				357B00E32D0C9FEE004671F6 /* DecorARoundUITests */,
			);
		};
/* End PBXProject section */

/* Begin PBXResourcesBuildPhase section */
		357B00BF2D0C9FED004671F6 /* Resources */ = {
			isa = PBXResourcesBuildPhase;
			buildActionMask = 2147483647;
			files = (
			);
			runOnlyForDeploymentPostprocessing = 0;
		};
		357B00D82D0C9FEE004671F6 /* Resources */ = {
			isa = PBXResourcesBuildPhase;
			buildActionMask = 2147483647;
			files = (
			);
			runOnlyForDeploymentPostprocessing = 0;
		};
		357B00E22D0C9FEE004671F6 /* Resources */ = {
			isa = PBXResourcesBuildPhase;
			buildActionMask = 2147483647;
			files = (
			);
			runOnlyForDeploymentPostprocessing = 0;
		};
/* End PBXResourcesBuildPhase section */

/* Begin PBXSourcesBuildPhase section */
		357B00BD2D0C9FED004671F6 /* Sources */ = {
			isa = PBXSourcesBuildPhase;
			buildActionMask = 2147483647;
			files = (
			);
			runOnlyForDeploymentPostprocessing = 0;
		};
		357B00D62D0C9FEE004671F6 /* Sources */ = {
			isa = PBXSourcesBuildPhase;
			buildActionMask = 2147483647;
			files = (
			);
			runOnlyForDeploymentPostprocessing = 0;
		};
		357B00E02D0C9FEE004671F6 /* Sources */ = {
			isa = PBXSourcesBuildPhase;
			buildActionMask = 2147483647;
			files = (
			);
			runOnlyForDeploymentPostprocessing = 0;
		};
/* End PBXSourcesBuildPhase section */

/* Begin PBXTargetDependency section */
		357B00DC2D0C9FEE004671F6 /* PBXTargetDependency */ = {
			isa = PBXTargetDependency;
			target = 357B00C02D0C9FED004671F6 /* DecorARound */;
			targetProxy = 357B00DB2D0C9FEE004671F6 /* PBXContainerItemProxy */;
		};
		357B00E62D0C9FEE004671F6 /* PBXTargetDependency */ = {
			isa = PBXTargetDependency;
			target = 357B00C02D0C9FED004671F6 /* DecorARound */;
			targetProxy = 357B00E52D0C9FEE004671F6 /* PBXContainerItemProxy */;
		};
/* End PBXTargetDependency section */

/* Begin XCBuildConfiguration section */
		357B00EE2D0C9FEE004671F6 /* Debug */ = {
			isa = XCBuildConfiguration;
			buildSettings = {
				ASSETCATALOG_COMPILER_APPICON_NAME = AppIcon;
				ASSETCATALOG_COMPILER_GLOBAL_ACCENT_COLOR_NAME = AccentColor;
				CLANG_ENABLE_MODULES = NO;
				CODE_SIGN_ENTITLEMENTS = DecorARound/DecorARound.entitlements;
				CODE_SIGN_STYLE = Automatic;
				CURRENT_PROJECT_VERSION = 1;
				DEVELOPMENT_TEAM = 7MVV4KY9UM;
				GENERATE_INFOPLIST_FILE = YES;
				INFOPLIST_FILE = DecorARound/Info.plist;
				INFOPLIST_KEY_NSCameraUsageDescription = "";
				INFOPLIST_KEY_NSLocationWhenInUseUsageDescription = "Konumunuza erişmek istiyoruz";
				INFOPLIST_KEY_UIApplicationSupportsIndirectInputEvents = YES;
				INFOPLIST_KEY_UILaunchStoryboardName = LaunchScreen;
				INFOPLIST_KEY_UIMainStoryboardFile = Main;
				INFOPLIST_KEY_UISupportedInterfaceOrientations_iPad = "UIInterfaceOrientationPortrait UIInterfaceOrientationPortraitUpsideDown UIInterfaceOrientationLandscapeLeft UIInterfaceOrientationLandscapeRight";
				INFOPLIST_KEY_UIUserInterfaceStyle = "";
				LD_RUNPATH_SEARCH_PATHS = (
					"$(inherited)",
					"@executable_path/Frameworks",
				);
				MARKETING_VERSION = 1.0;
				PRODUCT_BUNDLE_IDENTIFIER = com.dogukanahi.DecorARound1;
				PRODUCT_NAME = "$(TARGET_NAME)";
				SWIFT_EMIT_LOC_STRINGS = YES;
				SWIFT_OBJC_BRIDGING_HEADER = "";
				SWIFT_OPTIMIZATION_LEVEL = "-Onone";
				SWIFT_VERSION = 5.0;
				TARGETED_DEVICE_FAMILY = "1,2";
			};
			name = Debug;
		};
		357B00EF2D0C9FEE004671F6 /* Release */ = {
			isa = XCBuildConfiguration;
			buildSettings = {
				ASSETCATALOG_COMPILER_APPICON_NAME = AppIcon;
				ASSETCATALOG_COMPILER_GLOBAL_ACCENT_COLOR_NAME = AccentColor;
				CLANG_ENABLE_MODULES = NO;
				CODE_SIGN_ENTITLEMENTS = DecorARound/DecorARound.entitlements;
				CODE_SIGN_STYLE = Automatic;
				CURRENT_PROJECT_VERSION = 1;
				DEVELOPMENT_TEAM = 7MVV4KY9UM;
				GENERATE_INFOPLIST_FILE = YES;
				INFOPLIST_FILE = DecorARound/Info.plist;
				INFOPLIST_KEY_NSCameraUsageDescription = "";
				INFOPLIST_KEY_NSLocationWhenInUseUsageDescription = "Konumunuza erişmek istiyoruz";
				INFOPLIST_KEY_UIApplicationSupportsIndirectInputEvents = YES;
				INFOPLIST_KEY_UILaunchStoryboardName = LaunchScreen;
				INFOPLIST_KEY_UIMainStoryboardFile = Main;
				INFOPLIST_KEY_UISupportedInterfaceOrientations_iPad = "UIInterfaceOrientationPortrait UIInterfaceOrientationPortraitUpsideDown UIInterfaceOrientationLandscapeLeft UIInterfaceOrientationLandscapeRight";
				INFOPLIST_KEY_UIUserInterfaceStyle = "";
				LD_RUNPATH_SEARCH_PATHS = (
					"$(inherited)",
					"@executable_path/Frameworks",
				);
				MARKETING_VERSION = 1.0;
				PRODUCT_BUNDLE_IDENTIFIER = com.dogukanahi.DecorARound1;
				PRODUCT_NAME = "$(TARGET_NAME)";
				SWIFT_EMIT_LOC_STRINGS = YES;
				SWIFT_OBJC_BRIDGING_HEADER = "";
				SWIFT_VERSION = 5.0;
				TARGETED_DEVICE_FAMILY = "1,2";
			};
			name = Release;
		};
		357B00F02D0C9FEE004671F6 /* Debug */ = {
			isa = XCBuildConfiguration;
			buildSettings = {
				ALWAYS_SEARCH_USER_PATHS = NO;
				ASSETCATALOG_COMPILER_GENERATE_SWIFT_ASSET_SYMBOL_EXTENSIONS = YES;
				CLANG_ANALYZER_NONNULL = YES;
				CLANG_ANALYZER_NUMBER_OBJECT_CONVERSION = YES_AGGRESSIVE;
				CLANG_CXX_LANGUAGE_STANDARD = "gnu++20";
				CLANG_ENABLE_MODULES = YES;
				CLANG_ENABLE_OBJC_ARC = YES;
				CLANG_ENABLE_OBJC_WEAK = YES;
				CLANG_WARN_BLOCK_CAPTURE_AUTORELEASING = YES;
				CLANG_WARN_BOOL_CONVERSION = YES;
				CLANG_WARN_COMMA = YES;
				CLANG_WARN_CONSTANT_CONVERSION = YES;
				CLANG_WARN_DEPRECATED_OBJC_IMPLEMENTATIONS = YES;
				CLANG_WARN_DIRECT_OBJC_ISA_USAGE = YES_ERROR;
				CLANG_WARN_DOCUMENTATION_COMMENTS = YES;
				CLANG_WARN_EMPTY_BODY = YES;
				CLANG_WARN_ENUM_CONVERSION = YES;
				CLANG_WARN_INFINITE_RECURSION = YES;
				CLANG_WARN_INT_CONVERSION = YES;
				CLANG_WARN_NON_LITERAL_NULL_CONVERSION = YES;
				CLANG_WARN_OBJC_IMPLICIT_RETAIN_SELF = YES;
				CLANG_WARN_OBJC_LITERAL_CONVERSION = YES;
				CLANG_WARN_OBJC_ROOT_CLASS = YES_ERROR;
				CLANG_WARN_QUOTED_INCLUDE_IN_FRAMEWORK_HEADER = YES;
				CLANG_WARN_RANGE_LOOP_ANALYSIS = YES;
				CLANG_WARN_STRICT_PROTOTYPES = YES;
				CLANG_WARN_SUSPICIOUS_MOVE = YES;
				CLANG_WARN_UNGUARDED_AVAILABILITY = YES_AGGRESSIVE;
				CLANG_WARN_UNREACHABLE_CODE = YES;
				CLANG_WARN__DUPLICATE_METHOD_MATCH = YES;
				COPY_PHASE_STRIP = NO;
				DEBUG_INFORMATION_FORMAT = dwarf;
				ENABLE_STRICT_OBJC_MSGSEND = YES;
				ENABLE_TESTABILITY = YES;
				ENABLE_USER_SCRIPT_SANDBOXING = YES;
				GCC_C_LANGUAGE_STANDARD = gnu17;
				GCC_DYNAMIC_NO_PIC = NO;
				GCC_NO_COMMON_BLOCKS = YES;
				GCC_OPTIMIZATION_LEVEL = 0;
				GCC_PREPROCESSOR_DEFINITIONS = (
					"DEBUG=1",
					"$(inherited)",
				);
				GCC_WARN_64_TO_32_BIT_CONVERSION = YES;
				GCC_WARN_ABOUT_RETURN_TYPE = YES_ERROR;
				GCC_WARN_UNDECLARED_SELECTOR = YES;
				GCC_WARN_UNINITIALIZED_AUTOS = YES_AGGRESSIVE;
				GCC_WARN_UNUSED_FUNCTION = YES;
				GCC_WARN_UNUSED_VARIABLE = YES;
				IPHONEOS_DEPLOYMENT_TARGET = 18.0;
				LOCALIZATION_PREFERS_STRING_CATALOGS = YES;
				MTL_ENABLE_DEBUG_INFO = INCLUDE_SOURCE;
				MTL_FAST_MATH = YES;
				ONLY_ACTIVE_ARCH = YES;
				SDKROOT = iphoneos;
				SWIFT_ACTIVE_COMPILATION_CONDITIONS = "DEBUG $(inherited)";
				SWIFT_OPTIMIZATION_LEVEL = "-Onone";
			};
			name = Debug;
		};
		357B00F12D0C9FEE004671F6 /* Release */ = {
			isa = XCBuildConfiguration;
			buildSettings = {
				ALWAYS_SEARCH_USER_PATHS = NO;
				ASSETCATALOG_COMPILER_GENERATE_SWIFT_ASSET_SYMBOL_EXTENSIONS = YES;
				CLANG_ANALYZER_NONNULL = YES;
				CLANG_ANALYZER_NUMBER_OBJECT_CONVERSION = YES_AGGRESSIVE;
				CLANG_CXX_LANGUAGE_STANDARD = "gnu++20";
				CLANG_ENABLE_MODULES = YES;
				CLANG_ENABLE_OBJC_ARC = YES;
				CLANG_ENABLE_OBJC_WEAK = YES;
				CLANG_WARN_BLOCK_CAPTURE_AUTORELEASING = YES;
				CLANG_WARN_BOOL_CONVERSION = YES;
				CLANG_WARN_COMMA = YES;
				CLANG_WARN_CONSTANT_CONVERSION = YES;
				CLANG_WARN_DEPRECATED_OBJC_IMPLEMENTATIONS = YES;
				CLANG_WARN_DIRECT_OBJC_ISA_USAGE = YES_ERROR;
				CLANG_WARN_DOCUMENTATION_COMMENTS = YES;
				CLANG_WARN_EMPTY_BODY = YES;
				CLANG_WARN_ENUM_CONVERSION = YES;
				CLANG_WARN_INFINITE_RECURSION = YES;
				CLANG_WARN_INT_CONVERSION = YES;
				CLANG_WARN_NON_LITERAL_NULL_CONVERSION = YES;
				CLANG_WARN_OBJC_IMPLICIT_RETAIN_SELF = YES;
				CLANG_WARN_OBJC_LITERAL_CONVERSION = YES;
				CLANG_WARN_OBJC_ROOT_CLASS = YES_ERROR;
				CLANG_WARN_QUOTED_INCLUDE_IN_FRAMEWORK_HEADER = YES;
				CLANG_WARN_RANGE_LOOP_ANALYSIS = YES;
				CLANG_WARN_STRICT_PROTOTYPES = YES;
				CLANG_WARN_SUSPICIOUS_MOVE = YES;
				CLANG_WARN_UNGUARDED_AVAILABILITY = YES_AGGRESSIVE;
				CLANG_WARN_UNREACHABLE_CODE = YES;
				CLANG_WARN__DUPLICATE_METHOD_MATCH = YES;
				COPY_PHASE_STRIP = NO;
				DEBUG_INFORMATION_FORMAT = "dwarf-with-dsym";
				ENABLE_NS_ASSERTIONS = NO;
				ENABLE_STRICT_OBJC_MSGSEND = YES;
				ENABLE_USER_SCRIPT_SANDBOXING = YES;
				GCC_C_LANGUAGE_STANDARD = gnu17;
				GCC_NO_COMMON_BLOCKS = YES;
				GCC_WARN_64_TO_32_BIT_CONVERSION = YES;
				GCC_WARN_ABOUT_RETURN_TYPE = YES_ERROR;
				GCC_WARN_UNDECLARED_SELECTOR = YES;
				GCC_WARN_UNINITIALIZED_AUTOS = YES_AGGRESSIVE;
				GCC_WARN_UNUSED_FUNCTION = YES;
				GCC_WARN_UNUSED_VARIABLE = YES;
				IPHONEOS_DEPLOYMENT_TARGET = 18.0;
				LOCALIZATION_PREFERS_STRING_CATALOGS = YES;
				MTL_ENABLE_DEBUG_INFO = NO;
				MTL_FAST_MATH = YES;
				SDKROOT = iphoneos;
				SWIFT_COMPILATION_MODE = wholemodule;
				VALIDATE_PRODUCT = YES;
			};
			name = Release;
		};
		357B00F32D0C9FEE004671F6 /* Debug */ = {
			isa = XCBuildConfiguration;
			buildSettings = {
				BUNDLE_LOADER = "$(TEST_HOST)";
				CODE_SIGN_STYLE = Automatic;
				CURRENT_PROJECT_VERSION = 1;
				DEVELOPMENT_TEAM = P9PZMA597G;
				GENERATE_INFOPLIST_FILE = YES;
				IPHONEOS_DEPLOYMENT_TARGET = 18.0;
				MARKETING_VERSION = 1.0;
				PRODUCT_BUNDLE_IDENTIFIER = com.dogukanahi.DecorARoundTests;
				PRODUCT_NAME = "$(TARGET_NAME)";
				SWIFT_EMIT_LOC_STRINGS = NO;
				SWIFT_VERSION = 5.0;
				TARGETED_DEVICE_FAMILY = "1,2";
				TEST_HOST = "$(BUILT_PRODUCTS_DIR)/DecorARound.app/$(BUNDLE_EXECUTABLE_FOLDER_PATH)/DecorARound";
			};
			name = Debug;
		};
		357B00F42D0C9FEE004671F6 /* Release */ = {
			isa = XCBuildConfiguration;
			buildSettings = {
				BUNDLE_LOADER = "$(TEST_HOST)";
				CODE_SIGN_STYLE = Automatic;
				CURRENT_PROJECT_VERSION = 1;
				DEVELOPMENT_TEAM = P9PZMA597G;
				GENERATE_INFOPLIST_FILE = YES;
				IPHONEOS_DEPLOYMENT_TARGET = 18.0;
				MARKETING_VERSION = 1.0;
				PRODUCT_BUNDLE_IDENTIFIER = com.dogukanahi.DecorARoundTests;
				PRODUCT_NAME = "$(TARGET_NAME)";
				SWIFT_EMIT_LOC_STRINGS = NO;
				SWIFT_VERSION = 5.0;
				TARGETED_DEVICE_FAMILY = "1,2";
				TEST_HOST = "$(BUILT_PRODUCTS_DIR)/DecorARound.app/$(BUNDLE_EXECUTABLE_FOLDER_PATH)/DecorARound";
			};
			name = Release;
		};
		357B00F62D0C9FEE004671F6 /* Debug */ = {
			isa = XCBuildConfiguration;
			buildSettings = {
				CODE_SIGN_STYLE = Automatic;
				CURRENT_PROJECT_VERSION = 1;
				DEVELOPMENT_TEAM = P9PZMA597G;
				GENERATE_INFOPLIST_FILE = YES;
				MARKETING_VERSION = 1.0;
				PRODUCT_BUNDLE_IDENTIFIER = com.dogukanahi.DecorARoundUITests;
				PRODUCT_NAME = "$(TARGET_NAME)";
				SWIFT_EMIT_LOC_STRINGS = NO;
				SWIFT_VERSION = 5.0;
				TARGETED_DEVICE_FAMILY = "1,2";
				TEST_TARGET_NAME = DecorARound;
			};
			name = Debug;
		};
		357B00F72D0C9FEE004671F6 /* Release */ = {
			isa = XCBuildConfiguration;
			buildSettings = {
				CODE_SIGN_STYLE = Automatic;
				CURRENT_PROJECT_VERSION = 1;
				DEVELOPMENT_TEAM = P9PZMA597G;
				GENERATE_INFOPLIST_FILE = YES;
				MARKETING_VERSION = 1.0;
				PRODUCT_BUNDLE_IDENTIFIER = com.dogukanahi.DecorARoundUITests;
				PRODUCT_NAME = "$(TARGET_NAME)";
				SWIFT_EMIT_LOC_STRINGS = NO;
				SWIFT_VERSION = 5.0;
				TARGETED_DEVICE_FAMILY = "1,2";
				TEST_TARGET_NAME = DecorARound;
			};
			name = Release;
		};
/* End XCBuildConfiguration section */

/* Begin XCConfigurationList section */
		357B00BC2D0C9FED004671F6 /* Build configuration list for PBXProject "DecorARound" */ = {
			isa = XCConfigurationList;
			buildConfigurations = (
				357B00F02D0C9FEE004671F6 /* Debug */,
				357B00F12D0C9FEE004671F6 /* Release */,
			);
			defaultConfigurationIsVisible = 0;
			defaultConfigurationName = Release;
		};
		357B00ED2D0C9FEE004671F6 /* Build configuration list for PBXNativeTarget "DecorARound" */ = {
			isa = XCConfigurationList;
			buildConfigurations = (
				357B00EE2D0C9FEE004671F6 /* Debug */,
				357B00EF2D0C9FEE004671F6 /* Release */,
			);
			defaultConfigurationIsVisible = 0;
			defaultConfigurationName = Release;
		};
		357B00F22D0C9FEE004671F6 /* Build configuration list for PBXNativeTarget "DecorARoundTests" */ = {
			isa = XCConfigurationList;
			buildConfigurations = (
				357B00F32D0C9FEE004671F6 /* Debug */,
				357B00F42D0C9FEE004671F6 /* Release */,
			);
			defaultConfigurationIsVisible = 0;
			defaultConfigurationName = Release;
		};
		357B00F52D0C9FEE004671F6 /* Build configuration list for PBXNativeTarget "DecorARoundUITests" */ = {
			isa = XCConfigurationList;
			buildConfigurations = (
				357B00F62D0C9FEE004671F6 /* Debug */,
				357B00F72D0C9FEE004671F6 /* Release */,
			);
			defaultConfigurationIsVisible = 0;
			defaultConfigurationName = Release;
		};
/* End XCConfigurationList section */

/* Begin XCRemoteSwiftPackageReference section */
		3538ACD72D85B1A90001BA55 /* XCRemoteSwiftPackageReference "Kingfisher" */ = {
			isa = XCRemoteSwiftPackageReference;
			repositoryURL = "https://github.com/onevcat/Kingfisher";
			requirement = {
				kind = upToNextMajorVersion;
				minimumVersion = 8.3.1;
			};
		};
		35BD4D822D29675100F10722 /* XCRemoteSwiftPackageReference "MBProgressHUD" */ = {
			isa = XCRemoteSwiftPackageReference;
			repositoryURL = "https://github.com/jdg/MBProgressHUD";
			requirement = {
				kind = upToNextMajorVersion;
				minimumVersion = 1.2.0;
			};
		};
		35DE66662DD0B1F7002BA879 /* XCRemoteSwiftPackageReference "stripe-ios" */ = {
			isa = XCRemoteSwiftPackageReference;
			repositoryURL = "https://github.com/stripe/stripe-ios";
			requirement = {
				kind = upToNextMajorVersion;
				minimumVersion = 24.13.1;
			};
		};
		35EE62702D1C3B38009D6506 /* XCRemoteSwiftPackageReference "firebase-ios-sdk" */ = {
			isa = XCRemoteSwiftPackageReference;
			repositoryURL = "https://github.com/firebase/firebase-ios-sdk.git";
			requirement = {
				kind = upToNextMajorVersion;
				minimumVersion = 11.6.0;
			};
		};
/* End XCRemoteSwiftPackageReference section */

/* Begin XCSwiftPackageProductDependency section */
		3538ACD82D85B1A90001BA55 /* Kingfisher */ = {
			isa = XCSwiftPackageProductDependency;
			package = 3538ACD72D85B1A90001BA55 /* XCRemoteSwiftPackageReference "Kingfisher" */;
			productName = Kingfisher;
		};
		35DE66672DD0B1F7002BA879 /* Stripe */ = {
			isa = XCSwiftPackageProductDependency;
			package = 35DE66662DD0B1F7002BA879 /* XCRemoteSwiftPackageReference "stripe-ios" */;
			productName = Stripe;
		};
		35DE66692DD0B1F7002BA879 /* StripeApplePay */ = {
			isa = XCSwiftPackageProductDependency;
			package = 35DE66662DD0B1F7002BA879 /* XCRemoteSwiftPackageReference "stripe-ios" */;
			productName = StripeApplePay;
		};
		35DE666B2DD0B1F7002BA879 /* StripeCardScan */ = {
			isa = XCSwiftPackageProductDependency;
			package = 35DE66662DD0B1F7002BA879 /* XCRemoteSwiftPackageReference "stripe-ios" */;
			productName = StripeCardScan;
		};
		35DE666D2DD0B1F7002BA879 /* StripeConnect */ = {
			isa = XCSwiftPackageProductDependency;
			package = 35DE66662DD0B1F7002BA879 /* XCRemoteSwiftPackageReference "stripe-ios" */;
			productName = StripeConnect;
		};
		35DE666F2DD0B1F7002BA879 /* StripeFinancialConnections */ = {
			isa = XCSwiftPackageProductDependency;
			package = 35DE66662DD0B1F7002BA879 /* XCRemoteSwiftPackageReference "stripe-ios" */;
			productName = StripeFinancialConnections;
		};
		35DE66712DD0B37F002BA879 /* StripePaymentSheet */ = {
			isa = XCSwiftPackageProductDependency;
			package = 35DE66662DD0B1F7002BA879 /* XCRemoteSwiftPackageReference "stripe-ios" */;
			productName = StripePaymentSheet;
		};
		35EE62712D1C3B38009D6506 /* FirebaseAuth */ = {
			isa = XCSwiftPackageProductDependency;
			package = 35EE62702D1C3B38009D6506 /* XCRemoteSwiftPackageReference "firebase-ios-sdk" */;
			productName = FirebaseAuth;
		};
		35EE62732D1C3B38009D6506 /* FirebaseDatabase */ = {
			isa = XCSwiftPackageProductDependency;
			package = 35EE62702D1C3B38009D6506 /* XCRemoteSwiftPackageReference "firebase-ios-sdk" */;
			productName = FirebaseDatabase;
		};
		35EE62752D1C3B38009D6506 /* FirebaseFirestore */ = {
			isa = XCSwiftPackageProductDependency;
			package = 35EE62702D1C3B38009D6506 /* XCRemoteSwiftPackageReference "firebase-ios-sdk" */;
			productName = FirebaseFirestore;
		};
		35EE62772D1C3B38009D6506 /* FirebaseStorage */ = {
			isa = XCSwiftPackageProductDependency;
			package = 35EE62702D1C3B38009D6506 /* XCRemoteSwiftPackageReference "firebase-ios-sdk" */;
			productName = FirebaseStorage;
		};
		35EE627A2D1C3B90009D6506 /* FirebaseAnalytics */ = {
			isa = XCSwiftPackageProductDependency;
			package = 35EE62702D1C3B38009D6506 /* XCRemoteSwiftPackageReference "firebase-ios-sdk" */;
			productName = FirebaseAnalytics;
		};
/* End XCSwiftPackageProductDependency section */
	};
	rootObject = 357B00B92D0C9FED004671F6 /* Project object */;
}
