// !$*UTF8*$!
{
	archiveVersion = 1;
	classes = {
	};
	objectVersion = 77;
	objects = {

/* Begin PBXContainerItemProxy section */
		357B00DB2D0C9FEE004671F6 /* PBXContainerItemProxy */ = {
			isa = PBXContainerItemProxy;
			containerPortal = 357B00B92D0C9FED004671F6 /* Project object */;
			proxyType = 1;
			remoteGlobalIDString = 357B00C02D0C9FED004671F6;
			remoteInfo = DecorARound;
		};
		357B00E52D0C9FEE004671F6 /* PBXContainerItemProxy */ = {
			isa = PBXContainerItemProxy;
			containerPortal = 357B00B92D0C9FED004671F6 /* Project object */;
			proxyType = 1;
			remoteGlobalIDString = 357B00C02D0C9FED004671F6;
			remoteInfo = DecorARound;
		};
/* End PBXContainerItemProxy section */

/* Begin PBXFileReference section */
		357B00C12D0C9FED004671F6 /* DecorARound.app */ = {isa = PBXFileReference; explicitFileType = wrapper.application; includeInIndex = 0; path = DecorARound.app; sourceTree = BUILT_PRODUCTS_DIR; };
		357B00DA2D0C9FEE004671F6 /* DecorARoundTests.xctest */ = {isa = PBXFileReference; explicitFileType = wrapper.cfbundle; includeInIndex = 0; path = DecorARoundTests.xctest; sourceTree = BUILT_PRODUCTS_DIR; };
		357B00E42D0C9FEE004671F6 /* DecorARoundUITests.xctest */ = {isa = PBXFileReference; explicitFileType = wrapper.cfbundle; includeInIndex = 0; path = DecorARoundUITests.xctest; sourceTree = BUILT_PRODUCTS_DIR; };
/* End PBXFileReference section */

/* Begin PBXFileSystemSynchronizedBuildFileExceptionSet section */
		357B00EC2D0C9FEE004671F6 /* Exceptions for "DecorARound" folder in "DecorARound" target */ = {
			isa = PBXFileSystemSynchronizedBuildFileExceptionSet;
			membershipExceptions = (
				Info.plist,
			);
			target = 357B00C02D0C9FED004671F6 /* DecorARound */;
		};
/* End PBXFileSystemSynchronizedBuildFileExceptionSet section */

/* Begin PBXFileSystemSynchronizedRootGroup section */
		357B00C32D0C9FED004671F6 /* DecorARound */ = {
			isa = PBXFileSystemSynchronizedRootGroup;
			exceptions = (
				357B00EC2D0C9FEE004671F6 /* Exceptions for "DecorARound" folder in "DecorARound" target */,
			);
			path = DecorARound;
			sourceTree = "<group>";
		};
		357B00DD2D0C9FEE004671F6 /* DecorARoundTests */ = {
			isa = PBXFileSystemSynchronizedRootGroup;
			path = DecorARoundTests;
			sourceTree = "<group>";
		};
		357B00E72D0C9FEE004671F6 /* DecorARoundUITests */ = {
			isa = PBXFileSystemSynchronizedRootGroup;
			path = DecorARoundUITests;
			sourceTree = "<group>";
		};
/* End PBXFileSystemSynchronizedRootGroup section */

/* Begin PBXFrameworksBuildPhase section */
		357B00BE2D0C9FED004671F6 /* Frameworks */ = {
			isa = PBXFrameworksBuildPhase;
			buildActionMask = 2147483647;
			files = (
			);
			runOnlyForDeploymentPostprocessing = 0;
		};
		357B00D72D0C9FEE004671F6 /* Frameworks */ = {
			isa = PBXFrameworksBuildPhase;
			buildActionMask = 2147483647;
			files = (
			);
			runOnlyForDeploymentPostprocessing = 0;
		};
		357B00E12D0C9FEE004671F6 /* Frameworks */ = {
			isa = PBXFrameworksBuildPhase;
			buildActionMask = 2147483647;
			files = (
			);
			runOnlyForDeploymentPostprocessing = 0;
		};
/* End PBXFrameworksBuildPhase section */

/* Begin PBXGroup section */
		357B00B82D0C9FED004671F6 = {
			isa = PBXGroup;
			children = (
				357B00C32D0C9FED004671F6 /* DecorARound */,
				357B00DD2D0C9FEE004671F6 /* DecorARoundTests */,
				357B00E72D0C9FEE004671F6 /* DecorARoundUITests */,
				357B00C22D0C9FED004671F6 /* Products */,
			);
			sourceTree = "<group>";
		};
		357B00C22D0C9FED004671F6 /* Products */ = {
			isa = PBXGroup;
			children = (
				357B00C12D0C9FED004671F6 /* DecorARound.app */,
				357B00DA2D0C9FEE004671F6 /* DecorARoundTests.xctest */,
				357B00E42D0C9FEE004671F6 /* DecorARoundUITests.xctest */,
			);
			name = Products;
			sourceTree = "<group>";
		};
/* End PBXGroup section */

/* Begin PBXNativeTarget section */
		357B00C02D0C9FED004671F6 /* DecorARound */ = {
			isa = PBXNativeTarget;
			buildConfigurationList = 357B00ED2D0C9FEE004671F6 /* Build configuration list for PBXNativeTarget "DecorARound" */;
			buildPhases = (
				357B00BD2D0C9FED004671F6 /* Sources */,
				357B00BE2D0C9FED004671F6 /* Frameworks */,
				357B00BF2D0C9FED004671F6 /* Resources */,
			);
			buildRules = (
			);
			dependencies = (
			);
			fileSystemSynchronizedGroups = (
				357B00C32D0C9FED004671F6 /* DecorARound */,
			);
			name = DecorARound;
			packageProductDependencies = (
			);
			productName = DecorARound;
			productReference = 357B00C12D0C9FED004671F6 /* DecorARound.app */;
			productType = "com.apple.product-type.application";
		};
		357B00D92D0C9FEE004671F6 /* DecorARoundTests */ = {
			isa = PBXNativeTarget;
			buildConfigurationList = 357B00F22D0C9FEE004671F6 /* Build configuration list for PBXNativeTarget "DecorARoundTests" */;
			buildPhases = (
				357B00D62D0C9FEE004671F6 /* Sources */,
				357B00D72D0C9FEE004671F6 /* Frameworks */,
				357B00D82D0C9FEE004671F6 /* Resources */,
			);
			buildRules = (
			);
			dependencies = (
				357B00DC2D0C9FEE004671F6 /* PBXTargetDependency */,
			);
			fileSystemSynchronizedGroups = (
				357B00DD2D0C9FEE004671F6 /* DecorARoundTests */,
			);
			name = DecorARoundTests;
			packageProductDependencies = (
			);
			productName = DecorARoundTests;
			productReference = 357B00DA2D0C9FEE004671F6 /* DecorARoundTests.xctest */;
			productType = "com.apple.product-type.bundle.unit-test";
		};
		357B00E32D0C9FEE004671F6 /* DecorARoundUITests */ = {
			isa = PBXNativeTarget;
			buildConfigurationList = 357B00F52D0C9FEE004671F6 /* Build configuration list for PBXNativeTarget "DecorARoundUITests" */;
			buildPhases = (
				357B00E02D0C9FEE004671F6 /* Sources */,
				357B00E12D0C9FEE004671F6 /* Frameworks */,
				357B00E22D0C9FEE004671F6 /* Resources */,
			);
			buildRules = (
			);
			dependencies = (
				357B00E62D0C9FEE004671F6 /* PBXTargetDependency */,
			);
			fileSystemSynchronizedGroups = (
				357B00E72D0C9FEE004671F6 /* DecorARoundUITests */,
			);
			name = DecorARoundUITests;
			packageProductDependencies = (
			);
			productName = DecorARoundUITests;
			productReference = 357B00E42D0C9FEE004671F6 /* DecorARoundUITests.xctest */;
			productType = "com.apple.product-type.bundle.ui-testing";
		};
/* End PBXNativeTarget section */

/* Begin PBXProject section */
		357B00B92D0C9FED004671F6 /* Project object */ = {
			isa = PBXProject;
			attributes = {
				BuildIndependentTargetsInParallel = 1;
				LastSwiftUpdateCheck = 1600;
				LastUpgradeCheck = 1600;
				TargetAttributes = {
					357B00C02D0C9FED004671F6 = {
						CreatedOnToolsVersion = 16.0;
					};
					357B00D92D0C9FEE004671F6 = {
						CreatedOnToolsVersion = 16.0;
						TestTargetID = 357B00C02D0C9FED004671F6;
					};
					357B00E32D0C9FEE004671F6 = {
						CreatedOnToolsVersion = 16.0;
						TestTargetID = 357B00C02D0C9FED004671F6;
					};
				};
			};
			buildConfigurationList = 357B00BC2D0C9FED004671F6 /* Build configuration list for PBXProject "DecorARound" */;
			developmentRegion = en;
			hasScannedForEncodings = 0;
			knownRegions = (
				en,
				Base,
			);
			mainGroup = 357B00B82D0C9FED004671F6;
			minimizedProjectReferenceProxies = 1;
			preferredProjectObjectVersion = 77;
			productRefGroup = 357B00C22D0C9FED004671F6 /* Products */;
			projectDirPath = "";
			projectRoot = "";
			targets = (
				357B00C02D0C9FED004671F6 /* DecorARound */,
				357B00D92D0C9FEE004671F6 /* DecorARoundTests */,
				357B00E32D0C9FEE004671F6 /* DecorARoundUITests */,
			);
		};
/* End PBXProject section */

/* Begin PBXResourcesBuildPhase section */
		357B00BF2D0C9FED004671F6 /* Resources */ = {
			isa = PBXResourcesBuildPhase;
			buildActionMask = 2147483647;
			files = (
			);
			runOnlyForDeploymentPostprocessing = 0;
		};
		357B00D82D0C9FEE004671F6 /* Resources */ = {
			isa = PBXResourcesBuildPhase;
			buildActionMask = 2147483647;
			files = (
			);
			runOnlyForDeploymentPostprocessing = 0;
		};
		357B00E22D0C9FEE004671F6 /* Resources */ = {
			isa = PBXResourcesBuildPhase;
			buildActionMask = 2147483647;
			files = (
			);
			runOnlyForDeploymentPostprocessing = 0;
		};
/* End PBXResourcesBuildPhase section */

/* Begin PBXSourcesBuildPhase section */
		357B00BD2D0C9FED004671F6 /* Sources */ = {
			isa = PBXSourcesBuildPhase;
			buildActionMask = 2147483647;
			files = (
			);
			runOnlyForDeploymentPostprocessing = 0;
		};
		357B00D62D0C9FEE004671F6 /* Sources */ = {
			isa = PBXSourcesBuildPhase;
			buildActionMask = 2147483647;
			files = (
			);
			runOnlyForDeploymentPostprocessing = 0;
		};
		357B00E02D0C9FEE004671F6 /* Sources */ = {
			isa = PBXSourcesBuildPhase;
			buildActionMask = 2147483647;
			files = (
			);
			runOnlyForDeploymentPostprocessing = 0;
		};
/* End PBXSourcesBuildPhase section */

/* Begin PBXTargetDependency section */
		357B00DC2D0C9FEE004671F6 /* PBXTargetDependency */ = {
			isa = PBXTargetDependency;
			target = 357B00C02D0C9FED004671F6 /* DecorARound */;
			targetProxy = 357B00DB2D0C9FEE004671F6 /* PBXContainerItemProxy */;
		};
		357B00E62D0C9FEE004671F6 /* PBXTargetDependency */ = {
			isa = PBXTargetDependency;
			target = 357B00C02D0C9FED004671F6 /* DecorARound */;
			targetProxy = 357B00E52D0C9FEE004671F6 /* PBXContainerItemProxy */;
		};
/* End PBXTargetDependency section */

/* Begin XCBuildConfiguration section */
		357B00EE2D0C9FEE004671F6 /* Debug */ = {
			isa = XCBuildConfiguration;
			buildSettings = {
				ASSETCATALOG_COMPILER_APPICON_NAME = AppIcon;
				ASSETCATALOG_COMPILER_GLOBAL_ACCENT_COLOR_NAME = AccentColor;
				CODE_SIGN_STYLE = Automatic;
				CURRENT_PROJECT_VERSION = 1;
				DEVELOPMENT_TEAM = P9PZMA597G;
				GENERATE_INFOPLIST_FILE = YES;
				INFOPLIST_FILE = DecorARound/Info.plist;
				INFOPLIST_KEY_UIApplicationSupportsIndirectInputEvents = YES;
				INFOPLIST_KEY_UILaunchStoryboardName = LaunchScreen;
				INFOPLIST_KEY_UIMainStoryboardFile = Main;
				INFOPLIST_KEY_UISupportedInterfaceOrientations_iPad = "UIInterfaceOrientationPortrait UIInterfaceOrientationPortraitUpsideDown UIInterfaceOrientationLandscapeLeft UIInterfaceOrientationLandscapeRight";
				INFOPLIST_KEY_UISupportedInterfaceOrientations_iPhone = "UIInterfaceOrientationPortrait UIInterfaceOrientationLandscapeLeft UIInterfaceOrientationLandscapeRight";
				LD_RUNPATH_SEARCH_PATHS = (
					"$(inherited)",
					"@executable_path/Frameworks",
				);
				MARKETING_VERSION = 1.0;
				PRODUCT_BUNDLE_IDENTIFIER = com.dogukanahi.DecorARound;
				PRODUCT_NAME = "$(TARGET_NAME)";
				SWIFT_EMIT_LOC_STRINGS = YES;
				SWIFT_VERSION = 5.0;
				TARGETED_DEVICE_FAMILY = "1,2";
			};
			name = Debug;
		};
		357B00EF2D0C9FEE004671F6 /* Release */ = {
			isa = XCBuildConfiguration;
			buildSettings = {
				ASSETCATALOG_COMPILER_APPICON_NAME = AppIcon;
				ASSETCATALOG_COMPILER_GLOBAL_ACCENT_COLOR_NAME = AccentColor;
				CODE_SIGN_STYLE = Automatic;
				CURRENT_PROJECT_VERSION = 1;
				DEVELOPMENT_TEAM = P9PZMA597G;
				GENERATE_INFOPLIST_FILE = YES;
				INFOPLIST_FILE = DecorARound/Info.plist;
				INFOPLIST_KEY_UIApplicationSupportsIndirectInputEvents = YES;
				INFOPLIST_KEY_UILaunchStoryboardName = LaunchScreen;
				INFOPLIST_KEY_UIMainStoryboardFile = Main;
				INFOPLIST_KEY_UISupportedInterfaceOrientations_iPad = "UIInterfaceOrientationPortrait UIInterfaceOrientationPortraitUpsideDown UIInterfaceOrientationLandscapeLeft UIInterfaceOrientationLandscapeRight";
				INFOPLIST_KEY_UISupportedInterfaceOrientations_iPhone = "UIInterfaceOrientationPortrait UIInterfaceOrientationLandscapeLeft UIInterfaceOrientationLandscapeRight";
				LD_RUNPATH_SEARCH_PATHS = (
					"$(inherited)",
					"@executable_path/Frameworks",
				);
				MARKETING_VERSION = 1.0;
				PRODUCT_BUNDLE_IDENTIFIER = com.dogukanahi.DecorARound;
				PRODUCT_NAME = "$(TARGET_NAME)";
				SWIFT_EMIT_LOC_STRINGS = YES;
				SWIFT_VERSION = 5.0;
				TARGETED_DEVICE_FAMILY = "1,2";
			};
			name = Release;
		};
		357B00F02D0C9FEE004671F6 /* Debug */ = {
			isa = XCBuildConfiguration;
			buildSettings = {
				ALWAYS_SEARCH_USER_PATHS = NO;
				ASSETCATALOG_COMPILER_GENERATE_SWIFT_ASSET_SYMBOL_EXTENSIONS = YES;
				CLANG_ANALYZER_NONNULL = YES;
				CLANG_ANALYZER_NUMBER_OBJECT_CONVERSION = YES_AGGRESSIVE;
				CLANG_CXX_LANGUAGE_STANDARD = "gnu++20";
				CLANG_ENABLE_MODULES = YES;
				CLANG_ENABLE_OBJC_ARC = YES;
				CLANG_ENABLE_OBJC_WEAK = YES;
				CLANG_WARN_BLOCK_CAPTURE_AUTORELEASING = YES;
				CLANG_WARN_BOOL_CONVERSION = YES;
				CLANG_WARN_COMMA = YES;
				CLANG_WARN_CONSTANT_CONVERSION = YES;
				CLANG_WARN_DEPRECATED_OBJC_IMPLEMENTATIONS = YES;
				CLANG_WARN_DIRECT_OBJC_ISA_USAGE = YES_ERROR;
				CLANG_WARN_DOCUMENTATION_COMMENTS = YES;
				CLANG_WARN_EMPTY_BODY = YES;
				CLANG_WARN_ENUM_CONVERSION = YES;
				CLANG_WARN_INFINITE_RECURSION = YES;
				CLANG_WARN_INT_CONVERSION = YES;
				CLANG_WARN_NON_LITERAL_NULL_CONVERSION = YES;
				CLANG_WARN_OBJC_IMPLICIT_RETAIN_SELF = YES;
				CLANG_WARN_OBJC_LITERAL_CONVERSION = YES;
				CLANG_WARN_OBJC_ROOT_CLASS = YES_ERROR;
				CLANG_WARN_QUOTED_INCLUDE_IN_FRAMEWORK_HEADER = YES;
				CLANG_WARN_RANGE_LOOP_ANALYSIS = YES;
				CLANG_WARN_STRICT_PROTOTYPES = YES;
				CLANG_WARN_SUSPICIOUS_MOVE = YES;
				CLANG_WARN_UNGUARDED_AVAILABILITY = YES_AGGRESSIVE;
				CLANG_WARN_UNREACHABLE_CODE = YES;
				CLANG_WARN__DUPLICATE_METHOD_MATCH = YES;
				COPY_PHASE_STRIP = NO;
				DEBUG_INFORMATION_FORMAT = dwarf;
				ENABLE_STRICT_OBJC_MSGSEND = YES;
				ENABLE_TESTABILITY = YES;
				ENABLE_USER_SCRIPT_SANDBOXING = YES;
				GCC_C_LANGUAGE_STANDARD = gnu17;
				GCC_DYNAMIC_NO_PIC = NO;
				GCC_NO_COMMON_BLOCKS = YES;
				GCC_OPTIMIZATION_LEVEL = 0;
				GCC_PREPROCESSOR_DEFINITIONS = (
					"DEBUG=1",
					"$(inherited)",
				);
				GCC_WARN_64_TO_32_BIT_CONVERSION = YES;
				GCC_WARN_ABOUT_RETURN_TYPE = YES_ERROR;
				GCC_WARN_UNDECLARED_SELECTOR = YES;
				GCC_WARN_UNINITIALIZED_AUTOS = YES_AGGRESSIVE;
				GCC_WARN_UNUSED_FUNCTION = YES;
				GCC_WARN_UNUSED_VARIABLE = YES;
				IPHONEOS_DEPLOYMENT_TARGET = 18.0;
				LOCALIZATION_PREFERS_STRING_CATALOGS = YES;
				MTL_ENABLE_DEBUG_INFO = INCLUDE_SOURCE;
				MTL_FAST_MATH = YES;
				ONLY_ACTIVE_ARCH = YES;
				SDKROOT = iphoneos;
				SWIFT_ACTIVE_COMPILATION_CONDITIONS = "DEBUG $(inherited)";
				SWIFT_OPTIMIZATION_LEVEL = "-Onone";
			};
			name = Debug;
		};
		357B00F12D0C9FEE004671F6 /* Release */ = {
			isa = XCBuildConfiguration;
			buildSettings = {
				ALWAYS_SEARCH_USER_PATHS = NO;
				ASSETCATALOG_COMPILER_GENERATE_SWIFT_ASSET_SYMBOL_EXTENSIONS = YES;
				CLANG_ANALYZER_NONNULL = YES;
				CLANG_ANALYZER_NUMBER_OBJECT_CONVERSION = YES_AGGRESSIVE;
				CLANG_CXX_LANGUAGE_STANDARD = "gnu++20";
				CLANG_ENABLE_MODULES = YES;
				CLANG_ENABLE_OBJC_ARC = YES;
				CLANG_ENABLE_OBJC_WEAK = YES;
				CLANG_WARN_BLOCK_CAPTURE_AUTORELEASING = YES;
				CLANG_WARN_BOOL_CONVERSION = YES;
				CLANG_WARN_COMMA = YES;
				CLANG_WARN_CONSTANT_CONVERSION = YES;
				CLANG_WARN_DEPRECATED_OBJC_IMPLEMENTATIONS = YES;
				CLANG_WARN_DIRECT_OBJC_ISA_USAGE = YES_ERROR;
				CLANG_WARN_DOCUMENTATION_COMMENTS = YES;
				CLANG_WARN_EMPTY_BODY = YES;
				CLANG_WARN_ENUM_CONVERSION = YES;
				CLANG_WARN_INFINITE_RECURSION = YES;
				CLANG_WARN_INT_CONVERSION = YES;
				CLANG_WARN_NON_LITERAL_NULL_CONVERSION = YES;
				CLANG_WARN_OBJC_IMPLICIT_RETAIN_SELF = YES;
				CLANG_WARN_OBJC_LITERAL_CONVERSION = YES;
				CLANG_WARN_OBJC_ROOT_CLASS = YES_ERROR;
				CLANG_WARN_QUOTED_INCLUDE_IN_FRAMEWORK_HEADER = YES;
				CLANG_WARN_RANGE_LOOP_ANALYSIS = YES;
				CLANG_WARN_STRICT_PROTOTYPES = YES;
				CLANG_WARN_SUSPICIOUS_MOVE = YES;
				CLANG_WARN_UNGUARDED_AVAILABILITY = YES_AGGRESSIVE;
				CLANG_WARN_UNREACHABLE_CODE = YES;
				CLANG_WARN__DUPLICATE_METHOD_MATCH = YES;
				COPY_PHASE_STRIP = NO;
				DEBUG_INFORMATION_FORMAT = "dwarf-with-dsym";
				ENABLE_NS_ASSERTIONS = NO;
				ENABLE_STRICT_OBJC_MSGSEND = YES;
				ENABLE_USER_SCRIPT_SANDBOXING = YES;
				GCC_C_LANGUAGE_STANDARD = gnu17;
				GCC_NO_COMMON_BLOCKS = YES;
				GCC_WARN_64_TO_32_BIT_CONVERSION = YES;
				GCC_WARN_ABOUT_RETURN_TYPE = YES_ERROR;
				GCC_WARN_UNDECLARED_SELECTOR = YES;
				GCC_WARN_UNINITIALIZED_AUTOS = YES_AGGRESSIVE;
				GCC_WARN_UNUSED_FUNCTION = YES;
				GCC_WARN_UNUSED_VARIABLE = YES;
				IPHONEOS_DEPLOYMENT_TARGET = 18.0;
				LOCALIZATION_PREFERS_STRING_CATALOGS = YES;
				MTL_ENABLE_DEBUG_INFO = NO;
				MTL_FAST_MATH = YES;
				SDKROOT = iphoneos;
				SWIFT_COMPILATION_MODE = wholemodule;
				VALIDATE_PRODUCT = YES;
			};
			name = Release;
		};
		357B00F32D0C9FEE004671F6 /* Debug */ = {
			isa = XCBuildConfiguration;
			buildSettings = {
				BUNDLE_LOADER = "$(TEST_HOST)";
				CODE_SIGN_STYLE = Automatic;
				CURRENT_PROJECT_VERSION = 1;
				DEVELOPMENT_TEAM = P9PZMA597G;
				GENERATE_INFOPLIST_FILE = YES;
				IPHONEOS_DEPLOYMENT_TARGET = 18.0;
				MARKETING_VERSION = 1.0;
				PRODUCT_BUNDLE_IDENTIFIER = com.dogukanahi.DecorARoundTests;
				PRODUCT_NAME = "$(TARGET_NAME)";
				SWIFT_EMIT_LOC_STRINGS = NO;
				SWIFT_VERSION = 5.0;
				TARGETED_DEVICE_FAMILY = "1,2";
				TEST_HOST = "$(BUILT_PRODUCTS_DIR)/DecorARound.app/$(BUNDLE_EXECUTABLE_FOLDER_PATH)/DecorARound";
			};
			name = Debug;
		};
		357B00F42D0C9FEE004671F6 /* Release */ = {
			isa = XCBuildConfiguration;
			buildSettings = {
				BUNDLE_LOADER = "$(TEST_HOST)";
				CODE_SIGN_STYLE = Automatic;
				CURRENT_PROJECT_VERSION = 1;
				DEVELOPMENT_TEAM = P9PZMA597G;
				GENERATE_INFOPLIST_FILE = YES;
				IPHONEOS_DEPLOYMENT_TARGET = 18.0;
				MARKETING_VERSION = 1.0;
				PRODUCT_BUNDLE_IDENTIFIER = com.dogukanahi.DecorARoundTests;
				PRODUCT_NAME = "$(TARGET_NAME)";
				SWIFT_EMIT_LOC_STRINGS = NO;
				SWIFT_VERSION = 5.0;
				TARGETED_DEVICE_FAMILY = "1,2";
				TEST_HOST = "$(BUILT_PRODUCTS_DIR)/DecorARound.app/$(BUNDLE_EXECUTABLE_FOLDER_PATH)/DecorARound";
			};
			name = Release;
		};
		357B00F62D0C9FEE004671F6 /* Debug */ = {
			isa = XCBuildConfiguration;
			buildSettings = {
				CODE_SIGN_STYLE = Automatic;
				CURRENT_PROJECT_VERSION = 1;
				DEVELOPMENT_TEAM = P9PZMA597G;
				GENERATE_INFOPLIST_FILE = YES;
				MARKETING_VERSION = 1.0;
				PRODUCT_BUNDLE_IDENTIFIER = com.dogukanahi.DecorARoundUITests;
				PRODUCT_NAME = "$(TARGET_NAME)";
				SWIFT_EMIT_LOC_STRINGS = NO;
				SWIFT_VERSION = 5.0;
				TARGETED_DEVICE_FAMILY = "1,2";
				TEST_TARGET_NAME = DecorARound;
			};
			name = Debug;
		};
		357B00F72D0C9FEE004671F6 /* Release */ = {
			isa = XCBuildConfiguration;
			buildSettings = {
				CODE_SIGN_STYLE = Automatic;
				CURRENT_PROJECT_VERSION = 1;
				DEVELOPMENT_TEAM = P9PZMA597G;
				GENERATE_INFOPLIST_FILE = YES;
				MARKETING_VERSION = 1.0;
				PRODUCT_BUNDLE_IDENTIFIER = com.dogukanahi.DecorARoundUITests;
				PRODUCT_NAME = "$(TARGET_NAME)";
				SWIFT_EMIT_LOC_STRINGS = NO;
				SWIFT_VERSION = 5.0;
				TARGETED_DEVICE_FAMILY = "1,2";
				TEST_TARGET_NAME = DecorARound;
			};
			name = Release;
		};
/* End XCBuildConfiguration section */

/* Begin XCConfigurationList section */
		357B00BC2D0C9FED004671F6 /* Build configuration list for PBXProject "DecorARound" */ = {
			isa = XCConfigurationList;
			buildConfigurations = (
				357B00F02D0C9FEE004671F6 /* Debug */,
				357B00F12D0C9FEE004671F6 /* Release */,
			);
			defaultConfigurationIsVisible = 0;
			defaultConfigurationName = Release;
		};
		357B00ED2D0C9FEE004671F6 /* Build configuration list for PBXNativeTarget "DecorARound" */ = {
			isa = XCConfigurationList;
			buildConfigurations = (
				357B00EE2D0C9FEE004671F6 /* Debug */,
				357B00EF2D0C9FEE004671F6 /* Release */,
			);
			defaultConfigurationIsVisible = 0;
			defaultConfigurationName = Release;
		};
		357B00F22D0C9FEE004671F6 /* Build configuration list for PBXNativeTarget "DecorARoundTests" */ = {
			isa = XCConfigurationList;
			buildConfigurations = (
				357B00F32D0C9FEE004671F6 /* Debug */,
				357B00F42D0C9FEE004671F6 /* Release */,
			);
			defaultConfigurationIsVisible = 0;
			defaultConfigurationName = Release;
		};
		357B00F52D0C9FEE004671F6 /* Build configuration list for PBXNativeTarget "DecorARoundUITests" */ = {
			isa = XCConfigurationList;
			buildConfigurations = (
				357B00F62D0C9FEE004671F6 /* Debug */,
				357B00F72D0C9FEE004671F6 /* Release */,
			);
			defaultConfigurationIsVisible = 0;
			defaultConfigurationName = Release;
		};
/* End XCConfigurationList section */
	};
	rootObject = 357B00B92D0C9FED004671F6 /* Project object */;
}
